
Microsoft Visual Studio Solution File, Format Version 12.00
# Visual Studio Version 16
VisualStudioVersion = 16.0.31019.35
MinimumVisualStudioVersion = 10.0.40219.1
Project("{FAE04EC0-301F-11D3-BF4B-00C04F79EFBC}") = "ADO.NET", "Databases2\ADO.NET.csproj", "{F0185695-A513-48E3-8CAF-CE632F61D082}"
EndProject
Project("{9A19103F-16F7-4668-BE54-9A1E7A4F7556}") = "Entity Framework", "Entity Framwork\Entity Framework.csproj", "{FD8791B3-AF5A-4282-96AA-9D8F96780252}"
EndProject
Project("{FAE04EC0-301F-11D3-BF4B-00C04F79EFBC}") = "CRUD", "CRUD\CRUD.csproj", "{3286808B-9F91-4F4B-933A-A9D5BBB6A62F}"
EndProject
Global
	GlobalSection(SolutionConfigurationPlatforms) = preSolution
		Debug|Any CPU = Debug|Any CPU
		Release|Any CPU = Release|Any CPU
	EndGlobalSection
	GlobalSection(ProjectConfigurationPlatforms) = postSolution
		{F0185695-A513-48E3-8CAF-CE632F61D082}.Debug|Any CPU.ActiveCfg = Debug|Any CPU
		{F0185695-A513-48E3-8CAF-CE632F61D082}.Debug|Any CPU.Build.0 = Debug|Any CPU
		{F0185695-A513-48E3-8CAF-CE632F61D082}.Release|Any CPU.ActiveCfg = Release|Any CPU
		{F0185695-A513-48E3-8CAF-CE632F61D082}.Release|Any CPU.Build.0 = Release|Any CPU
		{FD8791B3-AF5A-4282-96AA-9D8F96780252}.Debug|Any CPU.ActiveCfg = Debug|Any CPU
		{FD8791B3-AF5A-4282-96AA-9D8F96780252}.Debug|Any CPU.Build.0 = Debug|Any CPU
		{FD8791B3-AF5A-4282-96AA-9D8F96780252}.Release|Any CPU.ActiveCfg = Release|Any CPU
		{FD8791B3-AF5A-4282-96AA-9D8F96780252}.Release|Any CPU.Build.0 = Release|Any CPU
		{3286808B-9F91-4F4B-933A-A9D5BBB6A62F}.Debug|Any CPU.ActiveCfg = Debug|Any CPU
		{3286808B-9F91-4F4B-933A-A9D5BBB6A62F}.Debug|Any CPU.Build.0 = Debug|Any CPU
		{3286808B-9F91-4F4B-933A-A9D5BBB6A62F}.Release|Any CPU.ActiveCfg = Release|Any CPU
		{3286808B-9F91-4F4B-933A-A9D5BBB6A62F}.Release|Any CPU.Build.0 = Release|Any CPU
	EndGlobalSection
	GlobalSection(SolutionProperties) = preSolution
		HideSolutionNode = FALSE
	EndGlobalSection
	GlobalSection(ExtensibilityGlobals) = postSolution
		SolutionGuid = {EEE118E2-DAF9-40ED-81D6-F5B2D2E1754A}
	EndGlobalSection
EndGlobal
